Microsoft Visual Studio Solution File, Format Version 12.00
# Visual Studio Version 17
VisualStudioVersion = 17.5.2.0
MinimumVisualStudioVersion = 10.0.40219.1
Project("{FAE04EC0-301F-11D3-BF4B-00C04F79EFBC}") = "LearnSilk.NET", "LearnSilk.NET.csproj", "{6DB4DAE7-7159-1232-14A9-17DD7D5E2869}"
EndProject
Global
	GlobalSection(SolutionConfigurationPlatforms) = preSolution
		Debug|Any CPU = Debug|Any CPU
		Release|Any CPU = Release|Any CPU
	EndGlobalSection
	GlobalSection(ProjectConfigurationPlatforms) = postSolution
		{6DB4DAE7-7159-1232-14A9-17DD7D5E2869}.Debug|Any CPU.ActiveCfg = Debug|Any CPU
		{6DB4DAE7-7159-1232-14A9-17DD7D5E2869}.Debug|Any CPU.Build.0 = Debug|Any CPU
		{6DB4DAE7-7159-1232-14A9-17DD7D5E2869}.Release|Any CPU.ActiveCfg = Release|Any CPU
		{6DB4DAE7-7159-1232-14A9-17DD7D5E2869}.Release|Any CPU.Build.0 = Release|Any CPU
	EndGlobalSection
	GlobalSection(SolutionProperties) = preSolution
		HideSolutionNode = FALSE
	EndGlobalSection
	GlobalSection(ExtensibilityGlobals) = postSolution
		SolutionGuid = {FAA936C0-BEAD-4BC2-A0E1-AF5AAF90F5AB}
	EndGlobalSection
EndGlobal
